
Microsoft Visual Studio Solution File, Format Version 12.00
Project("{FAE04EC0-301F-11D3-BF4B-00C04F79EFBC}") = "WebLessons", "WebLessons\WebLessons.csproj", "{6FB745BA-54BF-4D11-8A12-ECA6B59F53B1}"
EndProject
Project("{FAE04EC0-301F-11D3-BF4B-00C04F79EFBC}") = "ConfigureLesson", "ConfigureLesson\ConfigureLesson.csproj", "{810EA0E0-EB30-4E35-9511-84336CACFE32}"
EndProject
Project("{FAE04EC0-301F-11D3-BF4B-00C04F79EFBC}") = "LogLesson", "LogLesson\LogLesson.csproj", "{3394C1A2-0052-4EC5-8F67-6C30945AB705}"
EndProject
Project("{FAE04EC0-301F-11D3-BF4B-00C04F79EFBC}") = "HttpContextItemLesson", "HttpContextItemLesson\HttpContextItemLesson.csproj", "{70270ACD-F86B-491F-8EAA-9A9A4415805A}"
EndProject
Global
	GlobalSection(SolutionConfigurationPlatforms) = preSolution
		Debug|Any CPU = Debug|Any CPU
		Release|Any CPU = Release|Any CPU
	EndGlobalSection
	GlobalSection(ProjectConfigurationPlatforms) = postSolution
		{6FB745BA-54BF-4D11-8A12-ECA6B59F53B1}.Debug|Any CPU.ActiveCfg = Debug|Any CPU
		{6FB745BA-54BF-4D11-8A12-ECA6B59F53B1}.Debug|Any CPU.Build.0 = Debug|Any CPU
		{6FB745BA-54BF-4D11-8A12-ECA6B59F53B1}.Release|Any CPU.ActiveCfg = Release|Any CPU
		{6FB745BA-54BF-4D11-8A12-ECA6B59F53B1}.Release|Any CPU.Build.0 = Release|Any CPU
		{810EA0E0-EB30-4E35-9511-84336CACFE32}.Debug|Any CPU.ActiveCfg = Debug|Any CPU
		{810EA0E0-EB30-4E35-9511-84336CACFE32}.Debug|Any CPU.Build.0 = Debug|Any CPU
		{810EA0E0-EB30-4E35-9511-84336CACFE32}.Release|Any CPU.ActiveCfg = Release|Any CPU
		{810EA0E0-EB30-4E35-9511-84336CACFE32}.Release|Any CPU.Build.0 = Release|Any CPU
		{3394C1A2-0052-4EC5-8F67-6C30945AB705}.Debug|Any CPU.ActiveCfg = Debug|Any CPU
		{3394C1A2-0052-4EC5-8F67-6C30945AB705}.Debug|Any CPU.Build.0 = Debug|Any CPU
		{3394C1A2-0052-4EC5-8F67-6C30945AB705}.Release|Any CPU.ActiveCfg = Release|Any CPU
		{3394C1A2-0052-4EC5-8F67-6C30945AB705}.Release|Any CPU.Build.0 = Release|Any CPU
		{70270ACD-F86B-491F-8EAA-9A9A4415805A}.Debug|Any CPU.ActiveCfg = Debug|Any CPU
		{70270ACD-F86B-491F-8EAA-9A9A4415805A}.Debug|Any CPU.Build.0 = Debug|Any CPU
		{70270ACD-F86B-491F-8EAA-9A9A4415805A}.Release|Any CPU.ActiveCfg = Release|Any CPU
		{70270ACD-F86B-491F-8EAA-9A9A4415805A}.Release|Any CPU.Build.0 = Release|Any CPU
	EndGlobalSection
EndGlobal
